
Microsoft Visual Studio Solution File, Format Version 12.00
# Visual Studio Version 17
VisualStudioVersion = 17.3.32811.315
MinimumVisualStudioVersion = 10.0.40219.1
Project("{FAE04EC0-301F-11D3-BF4B-00C04F79EFBC}") = "IT391_Peck_Unit2_Part_B", "IT391_Peck_Unit2_Part_B.csproj", "{C0CA4B47-8577-4D0D-8505-4F2765BC9A74}"
EndProject
Global
	GlobalSection(SolutionConfigurationPlatforms) = preSolution
		Debug|Any CPU = Debug|Any CPU
		Release|Any CPU = Release|Any CPU
	EndGlobalSection
	GlobalSection(ProjectConfigurationPlatforms) = postSolution
		{C0CA4B47-8577-4D0D-8505-4F2765BC9A74}.Debug|Any CPU.ActiveCfg = Debug|Any CPU
		{C0CA4B47-8577-4D0D-8505-4F2765BC9A74}.Debug|Any CPU.Build.0 = Debug|Any CPU
		{C0CA4B47-8577-4D0D-8505-4F2765BC9A74}.Release|Any CPU.ActiveCfg = Release|Any CPU
		{C0CA4B47-8577-4D0D-8505-4F2765BC9A74}.Release|Any CPU.Build.0 = Release|Any CPU
	EndGlobalSection
	GlobalSection(SolutionProperties) = preSolution
		HideSolutionNode = FALSE
	EndGlobalSection
	GlobalSection(ExtensibilityGlobals) = postSolution
		SolutionGuid = {5BE08B3C-055D-4FBB-B971-CFA85418DEF9}
	EndGlobalSection
EndGlobal
